// !$*UTF8*$!
{
	archiveVersion = 1;
	classes = {
	};
	objectVersion = 56;
	objects = {

/* Begin PBXBuildFile section */
		AABE2DF505981EFC02B6175A /* Pods_Kaber.framework in Frameworks */ = {isa = PBXBuildFile; fileRef = 5C8CD0D0770E73C5D284982C /* Pods_Kaber.framework */; };
		D3507ACF2A8BECC300DE95D1 /* AppDelegate.swift in Sources */ = {isa = PBXBuildFile; fileRef = D3507ACE2A8BECC300DE95D1 /* AppDelegate.swift */; };
		D3507AD12A8BECC300DE95D1 /* SceneDelegate.swift in Sources */ = {isa = PBXBuildFile; fileRef = D3507AD02A8BECC300DE95D1 /* SceneDelegate.swift */; };
		D3507AD82A8BECC500DE95D1 /* Assets.xcassets in Resources */ = {isa = PBXBuildFile; fileRef = D3507AD72A8BECC500DE95D1 /* Assets.xcassets */; };
		D3507ADB2A8BECC500DE95D1 /* LaunchScreen.storyboard in Resources */ = {isa = PBXBuildFile; fileRef = D3507AD92A8BECC500DE95D1 /* LaunchScreen.storyboard */; };
		D3507AEE2A8BEE6100DE95D1 /* newsViewController.swift in Sources */ = {isa = PBXBuildFile; fileRef = D3507AEC2A8BEE6100DE95D1 /* newsViewController.swift */; };
		D3507AF12A8BEE7B00DE95D1 /* newsViewModel.swift in Sources */ = {isa = PBXBuildFile; fileRef = D3507AF02A8BEE7B00DE95D1 /* newsViewModel.swift */; };
		D3507AF42A8BEE9100DE95D1 /* newsCoordinator.swift in Sources */ = {isa = PBXBuildFile; fileRef = D3507AF32A8BEE9100DE95D1 /* newsCoordinator.swift */; };
		D3507AF82A8BEEC000DE95D1 /* BaseCoordinator.swift in Sources */ = {isa = PBXBuildFile; fileRef = D3507AF52A8BEEC000DE95D1 /* BaseCoordinator.swift */; };
		D3507AF92A8BEEC000DE95D1 /* AppCoordinator.swift in Sources */ = {isa = PBXBuildFile; fileRef = D3507AF62A8BEEC000DE95D1 /* AppCoordinator.swift */; };
		D3507AFA2A8BEEC000DE95D1 /* Coordinator.swift in Sources */ = {isa = PBXBuildFile; fileRef = D3507AF72A8BEEC000DE95D1 /* Coordinator.swift */; };
		D3507AFD2A8BEF3400DE95D1 /* UIViewController.swift in Sources */ = {isa = PBXBuildFile; fileRef = D3507AFC2A8BEF3400DE95D1 /* UIViewController.swift */; };
		D3507B002A8BEF3900DE95D1 /* screens.swift in Sources */ = {isa = PBXBuildFile; fileRef = D3507AFF2A8BEF3900DE95D1 /* screens.swift */; };
		D36FFBDC2A8C0FC7002A144E /* Localizable.strings in Resources */ = {isa = PBXBuildFile; fileRef = D36FFBDE2A8C0FC7002A144E /* Localizable.strings */; };
		D36FFBE22A8C109B002A144E /* Strings+Generated.swift in Sources */ = {isa = PBXBuildFile; fileRef = D36FFBE02A8C109B002A144E /* Strings+Generated.swift */; };
		D36FFBE32A8C109B002A144E /* XCAssets+Generated.swift in Sources */ = {isa = PBXBuildFile; fileRef = D36FFBE12A8C109B002A144E /* XCAssets+Generated.swift */; };
		D36FFBE62A8C1A50002A144E /* Utilites.swift in Sources */ = {isa = PBXBuildFile; fileRef = D36FFBE52A8C1A50002A144E /* Utilites.swift */; };
		D36FFBE82A8C1CC0002A144E /* UITextField.swift in Sources */ = {isa = PBXBuildFile; fileRef = D36FFBE72A8C1CC0002A144E /* UITextField.swift */; };
		D36FFBEC2A8C1FC2002A144E /* newsCell.swift in Sources */ = {isa = PBXBuildFile; fileRef = D36FFBEA2A8C1FC2002A144E /* newsCell.swift */; };
		D36FFBED2A8C1FC2002A144E /* newsCell.xib in Resources */ = {isa = PBXBuildFile; fileRef = D36FFBEB2A8C1FC2002A144E /* newsCell.xib */; };
		D36FFBF82A8C2528002A144E /* Blinker-SemiBold.ttf in Resources */ = {isa = PBXBuildFile; fileRef = D36FFBF02A8C2528002A144E /* Blinker-SemiBold.ttf */; };
		D36FFBF92A8C2528002A144E /* Blinker-Black.ttf in Resources */ = {isa = PBXBuildFile; fileRef = D36FFBF12A8C2528002A144E /* Blinker-Black.ttf */; };
		D36FFBFA2A8C2528002A144E /* Blinker-Regular.ttf in Resources */ = {isa = PBXBuildFile; fileRef = D36FFBF22A8C2528002A144E /* Blinker-Regular.ttf */; };
		D36FFBFB2A8C2528002A144E /* Blinker-Light.ttf in Resources */ = {isa = PBXBuildFile; fileRef = D36FFBF32A8C2528002A144E /* Blinker-Light.ttf */; };
		D36FFBFC2A8C2528002A144E /* Blinker-Bold.ttf in Resources */ = {isa = PBXBuildFile; fileRef = D36FFBF42A8C2528002A144E /* Blinker-Bold.ttf */; };
		D36FFBFD2A8C2528002A144E /* Blinker-ExtraBold.ttf in Resources */ = {isa = PBXBuildFile; fileRef = D36FFBF52A8C2528002A144E /* Blinker-ExtraBold.ttf */; };
		D36FFBFE2A8C2528002A144E /* Blinker-Thin.ttf in Resources */ = {isa = PBXBuildFile; fileRef = D36FFBF62A8C2528002A144E /* Blinker-Thin.ttf */; };
		D36FFBFF2A8C2528002A144E /* Blinker-ExtraLight.ttf in Resources */ = {isa = PBXBuildFile; fileRef = D36FFBF72A8C2528002A144E /* Blinker-ExtraLight.ttf */; };
		D36FFC012A8C2897002A144E /* newsResponse.swift in Sources */ = {isa = PBXBuildFile; fileRef = D36FFC002A8C2897002A144E /* newsResponse.swift */; };
		D36FFC032A8C2EFD002A144E /* UIImageView.swift in Sources */ = {isa = PBXBuildFile; fileRef = D36FFC022A8C2EFD002A144E /* UIImageView.swift */; };
		D39D2D2D2A8E967900BD9BDF /* offlineArticleModel.swift in Sources */ = {isa = PBXBuildFile; fileRef = D39D2D2C2A8E967900BD9BDF /* offlineArticleModel.swift */; };
		D39D2D2F2A8E97AA00BD9BDF /* RealmSwift.swift in Sources */ = {isa = PBXBuildFile; fileRef = D39D2D2E2A8E97AA00BD9BDF /* RealmSwift.swift */; };
		D3B9D1612A8E2983006D70FB /* newsDetailsViewController.swift in Sources */ = {isa = PBXBuildFile; fileRef = D3B9D15F2A8E2983006D70FB /* newsDetailsViewController.swift */; };
		D3B9D1642A8E299E006D70FB /* newsDetailsViewModel.swift in Sources */ = {isa = PBXBuildFile; fileRef = D3B9D1632A8E299E006D70FB /* newsDetailsViewModel.swift */; };
		D3B9D1662A8E29B1006D70FB /* newsDetailsCoordinator.swift in Sources */ = {isa = PBXBuildFile; fileRef = D3B9D1652A8E29B1006D70FB /* newsDetailsCoordinator.swift */; };
		D3B9D1682A8E3288006D70FB /* String.swift in Sources */ = {isa = PBXBuildFile; fileRef = D3B9D1672A8E3288006D70FB /* String.swift */; };
		D3B9D16A2A8E32DA006D70FB /* Date.swift in Sources */ = {isa = PBXBuildFile; fileRef = D3B9D1692A8E32DA006D70FB /* Date.swift */; };
		D3B9D1712A8E4249006D70FB /* languageViewController.swift in Sources */ = {isa = PBXBuildFile; fileRef = D3B9D16F2A8E4249006D70FB /* languageViewController.swift */; };
		D3B9D1762A8E453F006D70FB /* chooceLanguageModel.swift in Sources */ = {isa = PBXBuildFile; fileRef = D3B9D1752A8E453F006D70FB /* chooceLanguageModel.swift */; };
		D3B9D1782A8E4554006D70FB /* chooceLanguageViewModel.swift in Sources */ = {isa = PBXBuildFile; fileRef = D3B9D1772A8E4554006D70FB /* chooceLanguageViewModel.swift */; };
		D3B9D17A2A8E457A006D70FB /* chooceLanguageCoordinator.swift in Sources */ = {isa = PBXBuildFile; fileRef = D3B9D1792A8E457A006D70FB /* chooceLanguageCoordinator.swift */; };
		D3B9D17C2A8E4737006D70FB /* UIView.swift in Sources */ = {isa = PBXBuildFile; fileRef = D3B9D17B2A8E4737006D70FB /* UIView.swift */; };
		D3B9D18A2A8E4D76006D70FB /* languageViewController.xib in Resources */ = {isa = PBXBuildFile; fileRef = D3B9D1882A8E4D76006D70FB /* languageViewController.xib */; };
		D3B9D1942A8E4DF1006D70FB /* newsDetailsViewController.xib in Resources */ = {isa = PBXBuildFile; fileRef = D3B9D1962A8E4DF1006D70FB /* newsDetailsViewController.xib */; };
		D3B9D19E2A8E4E71006D70FB /* newsViewController.xib in Resources */ = {isa = PBXBuildFile; fileRef = D3B9D19C2A8E4E71006D70FB /* newsViewController.xib */; };
		D3B9D1A62A8E4F53006D70FB /* LocalStorage.swift in Sources */ = {isa = PBXBuildFile; fileRef = D3B9D1A52A8E4F53006D70FB /* LocalStorage.swift */; };
		D3ED87472A8D3F1600C13DE1 /* TargetType.swift in Sources */ = {isa = PBXBuildFile; fileRef = D3ED87452A8D3F1600C13DE1 /* TargetType.swift */; };
		D3ED87482A8D3F1600C13DE1 /* BaseAPI.swift in Sources */ = {isa = PBXBuildFile; fileRef = D3ED87462A8D3F1600C13DE1 /* BaseAPI.swift */; };
		D3ED874B2A8D3F2300C13DE1 /* ErrorMessage.swift in Sources */ = {isa = PBXBuildFile; fileRef = D3ED874A2A8D3F2300C13DE1 /* ErrorMessage.swift */; };
		D3ED874E2A8D3F4600C13DE1 /* constans.swift in Sources */ = {isa = PBXBuildFile; fileRef = D3ED874D2A8D3F4600C13DE1 /* constans.swift */; };
		D3ED87512A8D48EE00C13DE1 /* newsNetworking.swift in Sources */ = {isa = PBXBuildFile; fileRef = D3ED87502A8D48EE00C13DE1 /* newsNetworking.swift */; };
		D3ED87532A8D4C9000C13DE1 /* newsAPI.swift in Sources */ = {isa = PBXBuildFile; fileRef = D3ED87522A8D4C9000C13DE1 /* newsAPI.swift */; };
/* End PBXBuildFile section */

/* Begin PBXFileReference section */
		5C8CD0D0770E73C5D284982C /* Pods_Kaber.framework */ = {isa = PBXFileReference; explicitFileType = wrapper.framework; includeInIndex = 0; path = Pods_Kaber.framework; sourceTree = BUILT_PRODUCTS_DIR; };
		8C4C53C6585D49F4214356B3 /* Pods-Kaber.release.xcconfig */ = {isa = PBXFileReference; includeInIndex = 1; lastKnownFileType = text.xcconfig; name = "Pods-Kaber.release.xcconfig"; path = "Target Support Files/Pods-Kaber/Pods-Kaber.release.xcconfig"; sourceTree = "<group>"; };
		D3507ACB2A8BECC300DE95D1 /* Kaber.app */ = {isa = PBXFileReference; explicitFileType = wrapper.application; includeInIndex = 0; path = Kaber.app; sourceTree = BUILT_PRODUCTS_DIR; };
		D3507ACE2A8BECC300DE95D1 /* AppDelegate.swift */ = {isa = PBXFileReference; lastKnownFileType = sourcecode.swift; path = AppDelegate.swift; sourceTree = "<group>"; };
		D3507AD02A8BECC300DE95D1 /* SceneDelegate.swift */ = {isa = PBXFileReference; lastKnownFileType = sourcecode.swift; path = SceneDelegate.swift; sourceTree = "<group>"; };
		D3507AD72A8BECC500DE95D1 /* Assets.xcassets */ = {isa = PBXFileReference; lastKnownFileType = folder.assetcatalog; path = Assets.xcassets; sourceTree = "<group>"; };
		D3507ADA2A8BECC500DE95D1 /* Base */ = {isa = PBXFileReference; lastKnownFileType = file.storyboard; name = Base; path = Base.lproj/LaunchScreen.storyboard; sourceTree = "<group>"; };
		D3507ADC2A8BECC500DE95D1 /* Info.plist */ = {isa = PBXFileReference; lastKnownFileType = text.plist.xml; path = Info.plist; sourceTree = "<group>"; };
		D3507AEC2A8BEE6100DE95D1 /* newsViewController.swift */ = {isa = PBXFileReference; lastKnownFileType = sourcecode.swift; path = newsViewController.swift; sourceTree = "<group>"; };
		D3507AF02A8BEE7B00DE95D1 /* newsViewModel.swift */ = {isa = PBXFileReference; lastKnownFileType = sourcecode.swift; path = newsViewModel.swift; sourceTree = "<group>"; };
		D3507AF32A8BEE9100DE95D1 /* newsCoordinator.swift */ = {isa = PBXFileReference; lastKnownFileType = sourcecode.swift; path = newsCoordinator.swift; sourceTree = "<group>"; };
		D3507AF52A8BEEC000DE95D1 /* BaseCoordinator.swift */ = {isa = PBXFileReference; fileEncoding = 4; lastKnownFileType = sourcecode.swift; path = BaseCoordinator.swift; sourceTree = "<group>"; };
		D3507AF62A8BEEC000DE95D1 /* AppCoordinator.swift */ = {isa = PBXFileReference; fileEncoding = 4; lastKnownFileType = sourcecode.swift; path = AppCoordinator.swift; sourceTree = "<group>"; };
		D3507AF72A8BEEC000DE95D1 /* Coordinator.swift */ = {isa = PBXFileReference; fileEncoding = 4; lastKnownFileType = sourcecode.swift; path = Coordinator.swift; sourceTree = "<group>"; };
		D3507AFC2A8BEF3400DE95D1 /* UIViewController.swift */ = {isa = PBXFileReference; fileEncoding = 4; lastKnownFileType = sourcecode.swift; path = UIViewController.swift; sourceTree = "<group>"; };
		D3507AFF2A8BEF3900DE95D1 /* screens.swift */ = {isa = PBXFileReference; fileEncoding = 4; lastKnownFileType = sourcecode.swift; path = screens.swift; sourceTree = "<group>"; };
		D36FFBDD2A8C0FC7002A144E /* en */ = {isa = PBXFileReference; lastKnownFileType = text.plist.strings; name = en; path = en.lproj/Localizable.strings; sourceTree = "<group>"; };
		D36FFBDF2A8C0FE5002A144E /* ar */ = {isa = PBXFileReference; lastKnownFileType = text.plist.strings; name = ar; path = ar.lproj/Localizable.strings; sourceTree = "<group>"; };
		D36FFBE02A8C109B002A144E /* Strings+Generated.swift */ = {isa = PBXFileReference; fileEncoding = 4; lastKnownFileType = sourcecode.swift; path = "Strings+Generated.swift"; sourceTree = "<group>"; };
		D36FFBE12A8C109B002A144E /* XCAssets+Generated.swift */ = {isa = PBXFileReference; fileEncoding = 4; lastKnownFileType = sourcecode.swift; path = "XCAssets+Generated.swift"; sourceTree = "<group>"; };
		D36FFBE52A8C1A50002A144E /* Utilites.swift */ = {isa = PBXFileReference; fileEncoding = 4; lastKnownFileType = sourcecode.swift; path = Utilites.swift; sourceTree = "<group>"; };
		D36FFBE72A8C1CC0002A144E /* UITextField.swift */ = {isa = PBXFileReference; fileEncoding = 4; lastKnownFileType = sourcecode.swift; path = UITextField.swift; sourceTree = "<group>"; };
		D36FFBEA2A8C1FC2002A144E /* newsCell.swift */ = {isa = PBXFileReference; lastKnownFileType = sourcecode.swift; path = newsCell.swift; sourceTree = "<group>"; };
		D36FFBEB2A8C1FC2002A144E /* newsCell.xib */ = {isa = PBXFileReference; lastKnownFileType = file.xib; path = newsCell.xib; sourceTree = "<group>"; };
		D36FFBF02A8C2528002A144E /* Blinker-SemiBold.ttf */ = {isa = PBXFileReference; lastKnownFileType = file; path = "Blinker-SemiBold.ttf"; sourceTree = "<group>"; };
		D36FFBF12A8C2528002A144E /* Blinker-Black.ttf */ = {isa = PBXFileReference; lastKnownFileType = file; path = "Blinker-Black.ttf"; sourceTree = "<group>"; };
		D36FFBF22A8C2528002A144E /* Blinker-Regular.ttf */ = {isa = PBXFileReference; lastKnownFileType = file; path = "Blinker-Regular.ttf"; sourceTree = "<group>"; };
		D36FFBF32A8C2528002A144E /* Blinker-Light.ttf */ = {isa = PBXFileReference; lastKnownFileType = file; path = "Blinker-Light.ttf"; sourceTree = "<group>"; };
		D36FFBF42A8C2528002A144E /* Blinker-Bold.ttf */ = {isa = PBXFileReference; lastKnownFileType = file; path = "Blinker-Bold.ttf"; sourceTree = "<group>"; };
		D36FFBF52A8C2528002A144E /* Blinker-ExtraBold.ttf */ = {isa = PBXFileReference; lastKnownFileType = file; path = "Blinker-ExtraBold.ttf"; sourceTree = "<group>"; };
		D36FFBF62A8C2528002A144E /* Blinker-Thin.ttf */ = {isa = PBXFileReference; lastKnownFileType = file; path = "Blinker-Thin.ttf"; sourceTree = "<group>"; };
		D36FFBF72A8C2528002A144E /* Blinker-ExtraLight.ttf */ = {isa = PBXFileReference; lastKnownFileType = file; path = "Blinker-ExtraLight.ttf"; sourceTree = "<group>"; };
		D36FFC002A8C2897002A144E /* newsResponse.swift */ = {isa = PBXFileReference; lastKnownFileType = sourcecode.swift; path = newsResponse.swift; sourceTree = "<group>"; };
		D36FFC022A8C2EFD002A144E /* UIImageView.swift */ = {isa = PBXFileReference; lastKnownFileType = sourcecode.swift; path = UIImageView.swift; sourceTree = "<group>"; };
		D39D2D2C2A8E967900BD9BDF /* offlineArticleModel.swift */ = {isa = PBXFileReference; lastKnownFileType = sourcecode.swift; path = offlineArticleModel.swift; sourceTree = "<group>"; };
		D39D2D2E2A8E97AA00BD9BDF /* RealmSwift.swift */ = {isa = PBXFileReference; lastKnownFileType = sourcecode.swift; path = RealmSwift.swift; sourceTree = "<group>"; };
		D3B9D15F2A8E2983006D70FB /* newsDetailsViewController.swift */ = {isa = PBXFileReference; lastKnownFileType = sourcecode.swift; path = newsDetailsViewController.swift; sourceTree = "<group>"; };
		D3B9D1632A8E299E006D70FB /* newsDetailsViewModel.swift */ = {isa = PBXFileReference; lastKnownFileType = sourcecode.swift; path = newsDetailsViewModel.swift; sourceTree = "<group>"; };
		D3B9D1652A8E29B1006D70FB /* newsDetailsCoordinator.swift */ = {isa = PBXFileReference; lastKnownFileType = sourcecode.swift; path = newsDetailsCoordinator.swift; sourceTree = "<group>"; };
		D3B9D1672A8E3288006D70FB /* String.swift */ = {isa = PBXFileReference; lastKnownFileType = sourcecode.swift; path = String.swift; sourceTree = "<group>"; };
		D3B9D1692A8E32DA006D70FB /* Date.swift */ = {isa = PBXFileReference; lastKnownFileType = sourcecode.swift; path = Date.swift; sourceTree = "<group>"; };
		D3B9D16F2A8E4249006D70FB /* languageViewController.swift */ = {isa = PBXFileReference; lastKnownFileType = sourcecode.swift; path = languageViewController.swift; sourceTree = "<group>"; };
		D3B9D1752A8E453F006D70FB /* chooceLanguageModel.swift */ = {isa = PBXFileReference; lastKnownFileType = sourcecode.swift; path = chooceLanguageModel.swift; sourceTree = "<group>"; };
		D3B9D1772A8E4554006D70FB /* chooceLanguageViewModel.swift */ = {isa = PBXFileReference; lastKnownFileType = sourcecode.swift; path = chooceLanguageViewModel.swift; sourceTree = "<group>"; };
		D3B9D1792A8E457A006D70FB /* chooceLanguageCoordinator.swift */ = {isa = PBXFileReference; lastKnownFileType = sourcecode.swift; path = chooceLanguageCoordinator.swift; sourceTree = "<group>"; };
		D3B9D17B2A8E4737006D70FB /* UIView.swift */ = {isa = PBXFileReference; lastKnownFileType = sourcecode.swift; path = UIView.swift; sourceTree = "<group>"; };
		D3B9D1892A8E4D76006D70FB /* Base */ = {isa = PBXFileReference; lastKnownFileType = file.xib; name = Base; path = Base.lproj/languageViewController.xib; sourceTree = "<group>"; };
		D3B9D18C2A8E4DA3006D70FB /* en */ = {isa = PBXFileReference; lastKnownFileType = text.plist.strings; name = en; path = en.lproj/languageViewController.strings; sourceTree = "<group>"; };
		D3B9D18E2A8E4DA4006D70FB /* ar */ = {isa = PBXFileReference; lastKnownFileType = text.plist.strings; name = ar; path = ar.lproj/languageViewController.strings; sourceTree = "<group>"; };
		D3B9D1952A8E4DF1006D70FB /* Base */ = {isa = PBXFileReference; lastKnownFileType = file.xib; name = Base; path = Base.lproj/newsDetailsViewController.xib; sourceTree = "<group>"; };
		D3B9D1982A8E4DF5006D70FB /* en */ = {isa = PBXFileReference; lastKnownFileType = text.plist.strings; name = en; path = en.lproj/newsDetailsViewController.strings; sourceTree = "<group>"; };
		D3B9D19A2A8E4DF6006D70FB /* ar */ = {isa = PBXFileReference; lastKnownFileType = text.plist.strings; name = ar; path = ar.lproj/newsDetailsViewController.strings; sourceTree = "<group>"; };
		D3B9D19D2A8E4E71006D70FB /* Base */ = {isa = PBXFileReference; lastKnownFileType = file.xib; name = Base; path = Base.lproj/newsViewController.xib; sourceTree = "<group>"; };
		D3B9D1A02A8E4E75006D70FB /* en */ = {isa = PBXFileReference; lastKnownFileType = text.plist.strings; name = en; path = en.lproj/newsViewController.strings; sourceTree = "<group>"; };
		D3B9D1A22A8E4E76006D70FB /* ar */ = {isa = PBXFileReference; lastKnownFileType = text.plist.strings; name = ar; path = ar.lproj/newsViewController.strings; sourceTree = "<group>"; };
		D3B9D1A52A8E4F53006D70FB /* LocalStorage.swift */ = {isa = PBXFileReference; fileEncoding = 4; lastKnownFileType = sourcecode.swift; path = LocalStorage.swift; sourceTree = "<group>"; };
		D3ED87452A8D3F1600C13DE1 /* TargetType.swift */ = {isa = PBXFileReference; fileEncoding = 4; lastKnownFileType = sourcecode.swift; path = TargetType.swift; sourceTree = "<group>"; };
		D3ED87462A8D3F1600C13DE1 /* BaseAPI.swift */ = {isa = PBXFileReference; fileEncoding = 4; lastKnownFileType = sourcecode.swift; path = BaseAPI.swift; sourceTree = "<group>"; };
		D3ED874A2A8D3F2300C13DE1 /* ErrorMessage.swift */ = {isa = PBXFileReference; fileEncoding = 4; lastKnownFileType = sourcecode.swift; path = ErrorMessage.swift; sourceTree = "<group>"; };
		D3ED874D2A8D3F4600C13DE1 /* constans.swift */ = {isa = PBXFileReference; lastKnownFileType = sourcecode.swift; path = constans.swift; sourceTree = "<group>"; };
		D3ED87502A8D48EE00C13DE1 /* newsNetworking.swift */ = {isa = PBXFileReference; lastKnownFileType = sourcecode.swift; path = newsNetworking.swift; sourceTree = "<group>"; };
		D3ED87522A8D4C9000C13DE1 /* newsAPI.swift */ = {isa = PBXFileReference; lastKnownFileType = sourcecode.swift; path = newsAPI.swift; sourceTree = "<group>"; };
		FD821EE666081078D970DE36 /* Pods-Kaber.debug.xcconfig */ = {isa = PBXFileReference; includeInIndex = 1; lastKnownFileType = text.xcconfig; name = "Pods-Kaber.debug.xcconfig"; path = "Target Support Files/Pods-Kaber/Pods-Kaber.debug.xcconfig"; sourceTree = "<group>"; };
/* End PBXFileReference section */

/* Begin PBXFrameworksBuildPhase section */
		D3507AC82A8BECC300DE95D1 /* Frameworks */ = {
			isa = PBXFrameworksBuildPhase;
			buildActionMask = 2147483647;
			files = (
				AABE2DF505981EFC02B6175A /* Pods_Kaber.framework in Frameworks */,
			);
			runOnlyForDeploymentPostprocessing = 0;
		};
/* End PBXFrameworksBuildPhase section */

/* Begin PBXGroup section */
		218C077F6FCE21DE2F08D4D0 /* Pods */ = {
			isa = PBXGroup;
			children = (
				FD821EE666081078D970DE36 /* Pods-Kaber.debug.xcconfig */,
				8C4C53C6585D49F4214356B3 /* Pods-Kaber.release.xcconfig */,
			);
			path = Pods;
			sourceTree = "<group>";
		};
		351017EDD7736AA4DCEF9E65 /* Frameworks */ = {
			isa = PBXGroup;
			children = (
				5C8CD0D0770E73C5D284982C /* Pods_Kaber.framework */,
			);
			name = Frameworks;
			sourceTree = "<group>";
		};
		D3507AC22A8BECC300DE95D1 = {
			isa = PBXGroup;
			children = (
				D3507ACD2A8BECC300DE95D1 /* Kaber */,
				D3507ACC2A8BECC300DE95D1 /* Products */,
				218C077F6FCE21DE2F08D4D0 /* Pods */,
				351017EDD7736AA4DCEF9E65 /* Frameworks */,
			);
			sourceTree = "<group>";
		};
		D3507ACC2A8BECC300DE95D1 /* Products */ = {
			isa = PBXGroup;
			children = (
				D3507ACB2A8BECC300DE95D1 /* Kaber.app */,
			);
			name = Products;
			sourceTree = "<group>";
		};
		D3507ACD2A8BECC300DE95D1 /* Kaber */ = {
			isa = PBXGroup;
			children = (
				D3507AE22A8BED6C00DE95D1 /* App Delegate */,
				D3507AE52A8BEE1300DE95D1 /* Coordinator */,
				D3ED87432A8D3C7200C13DE1 /* Network Layer */,
				D36FFBD72A8C0DC1002A144E /* model */,
				D3507AE32A8BED8700DE95D1 /* launch Screen */,
				D3507AE62A8BEE1D00DE95D1 /* Flows */,
				D36FFBD82A8C0E0F002A144E /* constans */,
				D3507AE42A8BEDFA00DE95D1 /* Assists */,
				D3507AFB2A8BEF1B00DE95D1 /* UICustoms + Extensions */,
			);
			path = Kaber;
			sourceTree = "<group>";
		};
		D3507AE22A8BED6C00DE95D1 /* App Delegate */ = {
			isa = PBXGroup;
			children = (
				D3507ACE2A8BECC300DE95D1 /* AppDelegate.swift */,
				D3507AD02A8BECC300DE95D1 /* SceneDelegate.swift */,
			);
			path = "App Delegate";
			sourceTree = "<group>";
		};
		D3507AE32A8BED8700DE95D1 /* launch Screen */ = {
			isa = PBXGroup;
			children = (
				D3507AD92A8BECC500DE95D1 /* LaunchScreen.storyboard */,
			);
			path = "launch Screen";
			sourceTree = "<group>";
		};
		D3507AE42A8BEDFA00DE95D1 /* Assists */ = {
			isa = PBXGroup;
			children = (
				D36FFBEE2A8C2522002A144E /* fonts */,
				D36FFBD92A8C0F3C002A144E /* localizable */,
				D3507AD72A8BECC500DE95D1 /* Assets.xcassets */,
				D3507ADC2A8BECC500DE95D1 /* Info.plist */,
			);
			path = Assists;
			sourceTree = "<group>";
		};
		D3507AE52A8BEE1300DE95D1 /* Coordinator */ = {
			isa = PBXGroup;
			children = (
				D3507AF72A8BEEC000DE95D1 /* Coordinator.swift */,
				D3507AF52A8BEEC000DE95D1 /* BaseCoordinator.swift */,
				D3507AF62A8BEEC000DE95D1 /* AppCoordinator.swift */,
			);
			path = Coordinator;
			sourceTree = "<group>";
		};
		D3507AE62A8BEE1D00DE95D1 /* Flows */ = {
			isa = PBXGroup;
			children = (
				D3B9D16B2A8E4220006D70FB /* language Screen */,
				D3507AE72A8BEE2C00DE95D1 /* news Screen */,
				D3B9D15A2A8E294F006D70FB /* newsDetails Screen */,
			);
			path = Flows;
			sourceTree = "<group>";
		};
		D3507AE72A8BEE2C00DE95D1 /* news Screen */ = {
			isa = PBXGroup;
			children = (
				D3507AF22A8BEE8600DE95D1 /* Coordinator */,
				D3507AE92A8BEE3A00DE95D1 /* view model */,
				D3507AEA2A8BEE4200DE95D1 /* controller */,
				D3507AE82A8BEE3300DE95D1 /* view */,
				D36FFBE92A8C1FA4002A144E /* cell */,
			);
			path = "news Screen";
			sourceTree = "<group>";
		};
		D3507AE82A8BEE3300DE95D1 /* view */ = {
			isa = PBXGroup;
			children = (
				D3B9D19C2A8E4E71006D70FB /* newsViewController.xib */,
			);
			path = view;
			sourceTree = "<group>";
		};
		D3507AE92A8BEE3A00DE95D1 /* view model */ = {
			isa = PBXGroup;
			children = (
				D3507AF02A8BEE7B00DE95D1 /* newsViewModel.swift */,
			);
			path = "view model";
			sourceTree = "<group>";
		};
		D3507AEA2A8BEE4200DE95D1 /* controller */ = {
			isa = PBXGroup;
			children = (
				D3507AEC2A8BEE6100DE95D1 /* newsViewController.swift */,
			);
			path = controller;
			sourceTree = "<group>";
		};
		D3507AF22A8BEE8600DE95D1 /* Coordinator */ = {
			isa = PBXGroup;
			children = (
				D3507AF32A8BEE9100DE95D1 /* newsCoordinator.swift */,
			);
			path = Coordinator;
			sourceTree = "<group>";
		};
		D3507AFB2A8BEF1B00DE95D1 /* UICustoms + Extensions */ = {
			isa = PBXGroup;
			children = (
				D3507AFE2A8BEF3900DE95D1 /* screens */,
				D3507AFC2A8BEF3400DE95D1 /* UIViewController.swift */,
				D36FFBE52A8C1A50002A144E /* Utilites.swift */,
				D36FFBE72A8C1CC0002A144E /* UITextField.swift */,
				D36FFC022A8C2EFD002A144E /* UIImageView.swift */,
				D3B9D1672A8E3288006D70FB /* String.swift */,
				D3B9D1692A8E32DA006D70FB /* Date.swift */,
				D3B9D17B2A8E4737006D70FB /* UIView.swift */,
				D3B9D1A52A8E4F53006D70FB /* LocalStorage.swift */,
				D39D2D2E2A8E97AA00BD9BDF /* RealmSwift.swift */,
			);
			path = "UICustoms + Extensions";
			sourceTree = "<group>";
		};
		D3507AFE2A8BEF3900DE95D1 /* screens */ = {
			isa = PBXGroup;
			children = (
				D3507AFF2A8BEF3900DE95D1 /* screens.swift */,
			);
			path = screens;
			sourceTree = "<group>";
		};
		D36FFBD72A8C0DC1002A144E /* model */ = {
			isa = PBXGroup;
			children = (
				D36FFC002A8C2897002A144E /* newsResponse.swift */,
				D39D2D2C2A8E967900BD9BDF /* offlineArticleModel.swift */,
			);
			path = model;
			sourceTree = "<group>";
		};
		D36FFBD82A8C0E0F002A144E /* constans */ = {
			isa = PBXGroup;
			children = (
				D36FFBE02A8C109B002A144E /* Strings+Generated.swift */,
				D36FFBE12A8C109B002A144E /* XCAssets+Generated.swift */,
			);
			path = constans;
			sourceTree = "<group>";
		};
		D36FFBD92A8C0F3C002A144E /* localizable */ = {
			isa = PBXGroup;
			children = (
				D36FFBDE2A8C0FC7002A144E /* Localizable.strings */,
			);
			path = localizable;
			sourceTree = "<group>";
		};
		D36FFBE92A8C1FA4002A144E /* cell */ = {
			isa = PBXGroup;
			children = (
				D36FFBEA2A8C1FC2002A144E /* newsCell.swift */,
				D36FFBEB2A8C1FC2002A144E /* newsCell.xib */,
			);
			path = cell;
			sourceTree = "<group>";
		};
		D36FFBEE2A8C2522002A144E /* fonts */ = {
			isa = PBXGroup;
			children = (
				D36FFBEF2A8C2528002A144E /* Blinker */,
			);
			path = fonts;
			sourceTree = "<group>";
		};
		D36FFBEF2A8C2528002A144E /* Blinker */ = {
			isa = PBXGroup;
			children = (
				D36FFBF02A8C2528002A144E /* Blinker-SemiBold.ttf */,
				D36FFBF12A8C2528002A144E /* Blinker-Black.ttf */,
				D36FFBF22A8C2528002A144E /* Blinker-Regular.ttf */,
				D36FFBF32A8C2528002A144E /* Blinker-Light.ttf */,
				D36FFBF42A8C2528002A144E /* Blinker-Bold.ttf */,
				D36FFBF52A8C2528002A144E /* Blinker-ExtraBold.ttf */,
				D36FFBF62A8C2528002A144E /* Blinker-Thin.ttf */,
				D36FFBF72A8C2528002A144E /* Blinker-ExtraLight.ttf */,
			);
			path = Blinker;
			sourceTree = "<group>";
		};
		D3B9D15A2A8E294F006D70FB /* newsDetails Screen */ = {
			isa = PBXGroup;
			children = (
				D3B9D15E2A8E296F006D70FB /* coordinator */,
				D3B9D15D2A8E2969006D70FB /* view model */,
				D3B9D15C2A8E2962006D70FB /* controller */,
				D3B9D15B2A8E295D006D70FB /* view */,
			);
			path = "newsDetails Screen";
			sourceTree = "<group>";
		};
		D3B9D15B2A8E295D006D70FB /* view */ = {
			isa = PBXGroup;
			children = (
				D3B9D1962A8E4DF1006D70FB /* newsDetailsViewController.xib */,
			);
			path = view;
			sourceTree = "<group>";
		};
		D3B9D15C2A8E2962006D70FB /* controller */ = {
			isa = PBXGroup;
			children = (
				D3B9D15F2A8E2983006D70FB /* newsDetailsViewController.swift */,
			);
			path = controller;
			sourceTree = "<group>";
		};
		D3B9D15D2A8E2969006D70FB /* view model */ = {
			isa = PBXGroup;
			children = (
				D3B9D1632A8E299E006D70FB /* newsDetailsViewModel.swift */,
			);
			path = "view model";
			sourceTree = "<group>";
		};
		D3B9D15E2A8E296F006D70FB /* coordinator */ = {
			isa = PBXGroup;
			children = (
				D3B9D1652A8E29B1006D70FB /* newsDetailsCoordinator.swift */,
			);
			path = coordinator;
			sourceTree = "<group>";
		};
		D3B9D16B2A8E4220006D70FB /* language Screen */ = {
			isa = PBXGroup;
			children = (
				D3B9D16E2A8E4235006D70FB /* coordinator */,
				D3B9D1732A8E451F006D70FB /* model */,
				D3B9D1742A8E4528006D70FB /* viewmodel */,
				D3B9D16D2A8E422F006D70FB /* controller */,
				D3B9D16C2A8E4229006D70FB /* view */,
			);
			path = "language Screen";
			sourceTree = "<group>";
		};
		D3B9D16C2A8E4229006D70FB /* view */ = {
			isa = PBXGroup;
			children = (
				D3B9D1882A8E4D76006D70FB /* languageViewController.xib */,
			);
			path = view;
			sourceTree = "<group>";
		};
		D3B9D16D2A8E422F006D70FB /* controller */ = {
			isa = PBXGroup;
			children = (
				D3B9D16F2A8E4249006D70FB /* languageViewController.swift */,
			);
			path = controller;
			sourceTree = "<group>";
		};
		D3B9D16E2A8E4235006D70FB /* coordinator */ = {
			isa = PBXGroup;
			children = (
				D3B9D1792A8E457A006D70FB /* chooceLanguageCoordinator.swift */,
			);
			path = coordinator;
			sourceTree = "<group>";
		};
		D3B9D1732A8E451F006D70FB /* model */ = {
			isa = PBXGroup;
			children = (
				D3B9D1752A8E453F006D70FB /* chooceLanguageModel.swift */,
			);
			path = model;
			sourceTree = "<group>";
		};
		D3B9D1742A8E4528006D70FB /* viewmodel */ = {
			isa = PBXGroup;
			children = (
				D3B9D1772A8E4554006D70FB /* chooceLanguageViewModel.swift */,
			);
			path = viewmodel;
			sourceTree = "<group>";
		};
		D3ED87432A8D3C7200C13DE1 /* Network Layer */ = {
			isa = PBXGroup;
			children = (
				D3ED87442A8D3F1600C13DE1 /* Base */,
				D3ED87492A8D3F2300C13DE1 /* Error */,
				D3ED874F2A8D48DF00C13DE1 /* news */,
			);
			path = "Network Layer";
			sourceTree = "<group>";
		};
		D3ED87442A8D3F1600C13DE1 /* Base */ = {
			isa = PBXGroup;
			children = (
				D3ED874D2A8D3F4600C13DE1 /* constans.swift */,
				D3ED87452A8D3F1600C13DE1 /* TargetType.swift */,
				D3ED87462A8D3F1600C13DE1 /* BaseAPI.swift */,
			);
			path = Base;
			sourceTree = "<group>";
		};
		D3ED87492A8D3F2300C13DE1 /* Error */ = {
			isa = PBXGroup;
			children = (
				D3ED874A2A8D3F2300C13DE1 /* ErrorMessage.swift */,
			);
			path = Error;
			sourceTree = "<group>";
		};
		D3ED874F2A8D48DF00C13DE1 /* news */ = {
			isa = PBXGroup;
			children = (
				D3ED87502A8D48EE00C13DE1 /* newsNetworking.swift */,
				D3ED87522A8D4C9000C13DE1 /* newsAPI.swift */,
			);
			path = news;
			sourceTree = "<group>";
		};
/* End PBXGroup section */

/* Begin PBXNativeTarget section */
		D3507ACA2A8BECC300DE95D1 /* Kaber */ = {
			isa = PBXNativeTarget;
			buildConfigurationList = D3507ADF2A8BECC500DE95D1 /* Build configuration list for PBXNativeTarget "Kaber" */;
			buildPhases = (
				ED0CBDD7490CF8EAFA82F318 /* [CP] Check Pods Manifest.lock */,
				D36FFBE42A8C110C002A144E /* Swift Gen */,
				D3507AC72A8BECC300DE95D1 /* Sources */,
				D3507AC82A8BECC300DE95D1 /* Frameworks */,
				D3507AC92A8BECC300DE95D1 /* Resources */,
				E25C95EEC1066573C82D0434 /* [CP] Embed Pods Frameworks */,
			);
			buildRules = (
			);
			dependencies = (
			);
			name = Kaber;
			productName = Kaber;
			productReference = D3507ACB2A8BECC300DE95D1 /* Kaber.app */;
			productType = "com.apple.product-type.application";
		};
/* End PBXNativeTarget section */

/* Begin PBXProject section */
		D3507AC32A8BECC300DE95D1 /* Project object */ = {
			isa = PBXProject;
			attributes = {
				BuildIndependentTargetsInParallel = 1;
				LastSwiftUpdateCheck = 1430;
				LastUpgradeCheck = 1430;
				TargetAttributes = {
					D3507ACA2A8BECC300DE95D1 = {
						CreatedOnToolsVersion = 14.3;
					};
				};
			};
			buildConfigurationList = D3507AC62A8BECC300DE95D1 /* Build configuration list for PBXProject "Kaber" */;
			compatibilityVersion = "Xcode 14.0";
			developmentRegion = en;
			hasScannedForEncodings = 0;
			knownRegions = (
				en,
				Base,
				ar,
			);
			mainGroup = D3507AC22A8BECC300DE95D1;
			productRefGroup = D3507ACC2A8BECC300DE95D1 /* Products */;
			projectDirPath = "";
			projectRoot = "";
			targets = (
				D3507ACA2A8BECC300DE95D1 /* Kaber */,
			);
		};
/* End PBXProject section */

/* Begin PBXResourcesBuildPhase section */
		D3507AC92A8BECC300DE95D1 /* Resources */ = {
			isa = PBXResourcesBuildPhase;
			buildActionMask = 2147483647;
			files = (
				D36FFBFD2A8C2528002A144E /* Blinker-ExtraBold.ttf in Resources */,
				D36FFBF82A8C2528002A144E /* Blinker-SemiBold.ttf in Resources */,
				D36FFBFF2A8C2528002A144E /* Blinker-ExtraLight.ttf in Resources */,
				D36FFBDC2A8C0FC7002A144E /* Localizable.strings in Resources */,
				D36FFBFB2A8C2528002A144E /* Blinker-Light.ttf in Resources */,
				D36FFBED2A8C1FC2002A144E /* newsCell.xib in Resources */,
				D3B9D19E2A8E4E71006D70FB /* newsViewController.xib in Resources */,
				D36FFBFC2A8C2528002A144E /* Blinker-Bold.ttf in Resources */,
				D3B9D1942A8E4DF1006D70FB /* newsDetailsViewController.xib in Resources */,
				D36FFBFE2A8C2528002A144E /* Blinker-Thin.ttf in Resources */,
				D3B9D18A2A8E4D76006D70FB /* languageViewController.xib in Resources */,
				D3507ADB2A8BECC500DE95D1 /* LaunchScreen.storyboard in Resources */,
				D36FFBFA2A8C2528002A144E /* Blinker-Regular.ttf in Resources */,
				D36FFBF92A8C2528002A144E /* Blinker-Black.ttf in Resources */,
				D3507AD82A8BECC500DE95D1 /* Assets.xcassets in Resources */,
			);
			runOnlyForDeploymentPostprocessing = 0;
		};
/* End PBXResourcesBuildPhase section */

/* Begin PBXShellScriptBuildPhase section */
		D36FFBE42A8C110C002A144E /* Swift Gen */ = {
			isa = PBXShellScriptBuildPhase;
			buildActionMask = 2147483647;
			files = (
			);
			inputFileListPaths = (
			);
			inputPaths = (
			);
			name = "Swift Gen";
			outputFileListPaths = (
			);
			outputPaths = (
			);
			runOnlyForDeploymentPostprocessing = 0;
			shellPath = /bin/sh;
			shellScript = "\"${PODS_ROOT}/SwiftGen/bin/swiftgen\"\n";
		};
		E25C95EEC1066573C82D0434 /* [CP] Embed Pods Frameworks */ = {
			isa = PBXShellScriptBuildPhase;
			buildActionMask = 2147483647;
			files = (
			);
			inputFileListPaths = (
				"${PODS_ROOT}/Target Support Files/Pods-Kaber/Pods-Kaber-frameworks-${CONFIGURATION}-input-files.xcfilelist",
			);
			name = "[CP] Embed Pods Frameworks";
			outputFileListPaths = (
				"${PODS_ROOT}/Target Support Files/Pods-Kaber/Pods-Kaber-frameworks-${CONFIGURATION}-output-files.xcfilelist",
			);
			runOnlyForDeploymentPostprocessing = 0;
			shellPath = /bin/sh;
			shellScript = "\"${PODS_ROOT}/Target Support Files/Pods-Kaber/Pods-Kaber-frameworks.sh\"\n";
			showEnvVarsInLog = 0;
		};
		ED0CBDD7490CF8EAFA82F318 /* [CP] Check Pods Manifest.lock */ = {
			isa = PBXShellScriptBuildPhase;
			buildActionMask = 2147483647;
			files = (
			);
			inputFileListPaths = (
			);
			inputPaths = (
				"${PODS_PODFILE_DIR_PATH}/Podfile.lock",
				"${PODS_ROOT}/Manifest.lock",
			);
			name = "[CP] Check Pods Manifest.lock";
			outputFileListPaths = (
			);
			outputPaths = (
				"$(DERIVED_FILE_DIR)/Pods-Kaber-checkManifestLockResult.txt",
			);
			runOnlyForDeploymentPostprocessing = 0;
			shellPath = /bin/sh;
			shellScript = "diff \"${PODS_PODFILE_DIR_PATH}/Podfile.lock\" \"${PODS_ROOT}/Manifest.lock\" > /dev/null\nif [ $? != 0 ] ; then\n    # print error to STDERR\n    echo \"error: The sandbox is not in sync with the Podfile.lock. Run 'pod install' or update your CocoaPods installation.\" >&2\n    exit 1\nfi\n# This output is used by Xcode 'outputs' to avoid re-running this script phase.\necho \"SUCCESS\" > \"${SCRIPT_OUTPUT_FILE_0}\"\n";
			showEnvVarsInLog = 0;
		};
/* End PBXShellScriptBuildPhase section */

/* Begin PBXSourcesBuildPhase section */
		D3507AC72A8BECC300DE95D1 /* Sources */ = {
			isa = PBXSourcesBuildPhase;
			buildActionMask = 2147483647;
			files = (
				D3507AFA2A8BEEC000DE95D1 /* Coordinator.swift in Sources */,
				D3507ACF2A8BECC300DE95D1 /* AppDelegate.swift in Sources */,
				D3ED87482A8D3F1600C13DE1 /* BaseAPI.swift in Sources */,
				D3507AFD2A8BEF3400DE95D1 /* UIViewController.swift in Sources */,
				D3ED87512A8D48EE00C13DE1 /* newsNetworking.swift in Sources */,
				D36FFBE32A8C109B002A144E /* XCAssets+Generated.swift in Sources */,
				D3507B002A8BEF3900DE95D1 /* screens.swift in Sources */,
				D3507AF82A8BEEC000DE95D1 /* BaseCoordinator.swift in Sources */,
				D3507AF42A8BEE9100DE95D1 /* newsCoordinator.swift in Sources */,
				D3507AD12A8BECC300DE95D1 /* SceneDelegate.swift in Sources */,
				D36FFC012A8C2897002A144E /* newsResponse.swift in Sources */,
				D3507AEE2A8BEE6100DE95D1 /* newsViewController.swift in Sources */,
				D3B9D1612A8E2983006D70FB /* newsDetailsViewController.swift in Sources */,
				D3B9D17C2A8E4737006D70FB /* UIView.swift in Sources */,
				D39D2D2F2A8E97AA00BD9BDF /* RealmSwift.swift in Sources */,
				D36FFBEC2A8C1FC2002A144E /* newsCell.swift in Sources */,
				D3B9D1762A8E453F006D70FB /* chooceLanguageModel.swift in Sources */,
				D3ED87532A8D4C9000C13DE1 /* newsAPI.swift in Sources */,
				D3ED874B2A8D3F2300C13DE1 /* ErrorMessage.swift in Sources */,
				D3ED874E2A8D3F4600C13DE1 /* constans.swift in Sources */,
				D36FFBE82A8C1CC0002A144E /* UITextField.swift in Sources */,
				D3B9D17A2A8E457A006D70FB /* chooceLanguageCoordinator.swift in Sources */,
				D3ED87472A8D3F1600C13DE1 /* TargetType.swift in Sources */,
				D3507AF12A8BEE7B00DE95D1 /* newsViewModel.swift in Sources */,
				D3B9D1712A8E4249006D70FB /* languageViewController.swift in Sources */,
				D3507AF92A8BEEC000DE95D1 /* AppCoordinator.swift in Sources */,
				D3B9D1A62A8E4F53006D70FB /* LocalStorage.swift in Sources */,
				D39D2D2D2A8E967900BD9BDF /* offlineArticleModel.swift in Sources */,
				D36FFBE22A8C109B002A144E /* Strings+Generated.swift in Sources */,
				D3B9D1662A8E29B1006D70FB /* newsDetailsCoordinator.swift in Sources */,
				D3B9D16A2A8E32DA006D70FB /* Date.swift in Sources */,
				D36FFC032A8C2EFD002A144E /* UIImageView.swift in Sources */,
				D36FFBE62A8C1A50002A144E /* Utilites.swift in Sources */,
				D3B9D1682A8E3288006D70FB /* String.swift in Sources */,
				D3B9D1782A8E4554006D70FB /* chooceLanguageViewModel.swift in Sources */,
				D3B9D1642A8E299E006D70FB /* newsDetailsViewModel.swift in Sources */,
			);
			runOnlyForDeploymentPostprocessing = 0;
		};
/* End PBXSourcesBuildPhase section */

/* Begin PBXVariantGroup section */
		D3507AD92A8BECC500DE95D1 /* LaunchScreen.storyboard */ = {
			isa = PBXVariantGroup;
			children = (
				D3507ADA2A8BECC500DE95D1 /* Base */,
			);
			name = LaunchScreen.storyboard;
			sourceTree = "<group>";
		};
		D36FFBDE2A8C0FC7002A144E /* Localizable.strings */ = {
			isa = PBXVariantGroup;
			children = (
				D36FFBDD2A8C0FC7002A144E /* en */,
				D36FFBDF2A8C0FE5002A144E /* ar */,
			);
			name = Localizable.strings;
			sourceTree = "<group>";
		};
		D3B9D1882A8E4D76006D70FB /* languageViewController.xib */ = {
			isa = PBXVariantGroup;
			children = (
				D3B9D1892A8E4D76006D70FB /* Base */,
				D3B9D18C2A8E4DA3006D70FB /* en */,
				D3B9D18E2A8E4DA4006D70FB /* ar */,
			);
			name = languageViewController.xib;
			sourceTree = "<group>";
		};
		D3B9D1962A8E4DF1006D70FB /* newsDetailsViewController.xib */ = {
			isa = PBXVariantGroup;
			children = (
				D3B9D1952A8E4DF1006D70FB /* Base */,
				D3B9D1982A8E4DF5006D70FB /* en */,
				D3B9D19A2A8E4DF6006D70FB /* ar */,
			);
			name = newsDetailsViewController.xib;
			sourceTree = "<group>";
		};
		D3B9D19C2A8E4E71006D70FB /* newsViewController.xib */ = {
			isa = PBXVariantGroup;
			children = (
				D3B9D19D2A8E4E71006D70FB /* Base */,
				D3B9D1A02A8E4E75006D70FB /* en */,
				D3B9D1A22A8E4E76006D70FB /* ar */,
			);
			name = newsViewController.xib;
			sourceTree = "<group>";
		};
/* End PBXVariantGroup section */

/* Begin XCBuildConfiguration section */
		D3507ADD2A8BECC500DE95D1 /* Debug */ = {
			isa = XCBuildConfiguration;
			buildSettings = {
				ALWAYS_SEARCH_USER_PATHS = NO;
				CLANG_ANALYZER_LOCALIZABILITY_NONLOCALIZED = YES;
				CLANG_ANALYZER_NONNULL = YES;
				CLANG_ANALYZER_NUMBER_OBJECT_CONVERSION = YES_AGGRESSIVE;
				CLANG_CXX_LANGUAGE_STANDARD = "gnu++20";
				CLANG_ENABLE_MODULES = YES;
				CLANG_ENABLE_OBJC_ARC = YES;
				CLANG_ENABLE_OBJC_WEAK = YES;
				CLANG_WARN_BLOCK_CAPTURE_AUTORELEASING = YES;
				CLANG_WARN_BOOL_CONVERSION = YES;
				CLANG_WARN_COMMA = YES;
				CLANG_WARN_CONSTANT_CONVERSION = YES;
				CLANG_WARN_DEPRECATED_OBJC_IMPLEMENTATIONS = YES;
				CLANG_WARN_DIRECT_OBJC_ISA_USAGE = YES_ERROR;
				CLANG_WARN_DOCUMENTATION_COMMENTS = YES;
				CLANG_WARN_EMPTY_BODY = YES;
				CLANG_WARN_ENUM_CONVERSION = YES;
				CLANG_WARN_INFINITE_RECURSION = YES;
				CLANG_WARN_INT_CONVERSION = YES;
				CLANG_WARN_NON_LITERAL_NULL_CONVERSION = YES;
				CLANG_WARN_OBJC_IMPLICIT_RETAIN_SELF = YES;
				CLANG_WARN_OBJC_LITERAL_CONVERSION = YES;
				CLANG_WARN_OBJC_ROOT_CLASS = YES_ERROR;
				CLANG_WARN_QUOTED_INCLUDE_IN_FRAMEWORK_HEADER = YES;
				CLANG_WARN_RANGE_LOOP_ANALYSIS = YES;
				CLANG_WARN_STRICT_PROTOTYPES = YES;
				CLANG_WARN_SUSPICIOUS_MOVE = YES;
				CLANG_WARN_UNGUARDED_AVAILABILITY = YES_AGGRESSIVE;
				CLANG_WARN_UNREACHABLE_CODE = YES;
				CLANG_WARN__DUPLICATE_METHOD_MATCH = YES;
				COPY_PHASE_STRIP = NO;
				DEBUG_INFORMATION_FORMAT = dwarf;
				ENABLE_STRICT_OBJC_MSGSEND = YES;
				ENABLE_TESTABILITY = YES;
				GCC_C_LANGUAGE_STANDARD = gnu11;
				GCC_DYNAMIC_NO_PIC = NO;
				GCC_NO_COMMON_BLOCKS = YES;
				GCC_OPTIMIZATION_LEVEL = 0;
				GCC_PREPROCESSOR_DEFINITIONS = (
					"DEBUG=1",
					"$(inherited)",
				);
				GCC_WARN_64_TO_32_BIT_CONVERSION = YES;
				GCC_WARN_ABOUT_RETURN_TYPE = YES_ERROR;
				GCC_WARN_UNDECLARED_SELECTOR = YES;
				GCC_WARN_UNINITIALIZED_AUTOS = YES_AGGRESSIVE;
				GCC_WARN_UNUSED_FUNCTION = YES;
				GCC_WARN_UNUSED_VARIABLE = YES;
				IPHONEOS_DEPLOYMENT_TARGET = 16.4;
				MTL_ENABLE_DEBUG_INFO = INCLUDE_SOURCE;
				MTL_FAST_MATH = YES;
				ONLY_ACTIVE_ARCH = YES;
				SDKROOT = iphoneos;
				SWIFT_ACTIVE_COMPILATION_CONDITIONS = DEBUG;
				SWIFT_OPTIMIZATION_LEVEL = "-Onone";
			};
			name = Debug;
		};
		D3507ADE2A8BECC500DE95D1 /* Release */ = {
			isa = XCBuildConfiguration;
			buildSettings = {
				ALWAYS_SEARCH_USER_PATHS = NO;
				CLANG_ANALYZER_LOCALIZABILITY_NONLOCALIZED = YES;
				CLANG_ANALYZER_NONNULL = YES;
				CLANG_ANALYZER_NUMBER_OBJECT_CONVERSION = YES_AGGRESSIVE;
				CLANG_CXX_LANGUAGE_STANDARD = "gnu++20";
				CLANG_ENABLE_MODULES = YES;
				CLANG_ENABLE_OBJC_ARC = YES;
				CLANG_ENABLE_OBJC_WEAK = YES;
				CLANG_WARN_BLOCK_CAPTURE_AUTORELEASING = YES;
				CLANG_WARN_BOOL_CONVERSION = YES;
				CLANG_WARN_COMMA = YES;
				CLANG_WARN_CONSTANT_CONVERSION = YES;
				CLANG_WARN_DEPRECATED_OBJC_IMPLEMENTATIONS = YES;
				CLANG_WARN_DIRECT_OBJC_ISA_USAGE = YES_ERROR;
				CLANG_WARN_DOCUMENTATION_COMMENTS = YES;
				CLANG_WARN_EMPTY_BODY = YES;
				CLANG_WARN_ENUM_CONVERSION = YES;
				CLANG_WARN_INFINITE_RECURSION = YES;
				CLANG_WARN_INT_CONVERSION = YES;
				CLANG_WARN_NON_LITERAL_NULL_CONVERSION = YES;
				CLANG_WARN_OBJC_IMPLICIT_RETAIN_SELF = YES;
				CLANG_WARN_OBJC_LITERAL_CONVERSION = YES;
				CLANG_WARN_OBJC_ROOT_CLASS = YES_ERROR;
				CLANG_WARN_QUOTED_INCLUDE_IN_FRAMEWORK_HEADER = YES;
				CLANG_WARN_RANGE_LOOP_ANALYSIS = YES;
				CLANG_WARN_STRICT_PROTOTYPES = YES;
				CLANG_WARN_SUSPICIOUS_MOVE = YES;
				CLANG_WARN_UNGUARDED_AVAILABILITY = YES_AGGRESSIVE;
				CLANG_WARN_UNREACHABLE_CODE = YES;
				CLANG_WARN__DUPLICATE_METHOD_MATCH = YES;
				COPY_PHASE_STRIP = NO;
				DEBUG_INFORMATION_FORMAT = "dwarf-with-dsym";
				ENABLE_NS_ASSERTIONS = NO;
				ENABLE_STRICT_OBJC_MSGSEND = YES;
				GCC_C_LANGUAGE_STANDARD = gnu11;
				GCC_NO_COMMON_BLOCKS = YES;
				GCC_WARN_64_TO_32_BIT_CONVERSION = YES;
				GCC_WARN_ABOUT_RETURN_TYPE = YES_ERROR;
				GCC_WARN_UNDECLARED_SELECTOR = YES;
				GCC_WARN_UNINITIALIZED_AUTOS = YES_AGGRESSIVE;
				GCC_WARN_UNUSED_FUNCTION = YES;
				GCC_WARN_UNUSED_VARIABLE = YES;
				IPHONEOS_DEPLOYMENT_TARGET = 16.4;
				MTL_ENABLE_DEBUG_INFO = NO;
				MTL_FAST_MATH = YES;
				SDKROOT = iphoneos;
				SWIFT_COMPILATION_MODE = wholemodule;
				SWIFT_OPTIMIZATION_LEVEL = "-O";
				VALIDATE_PRODUCT = YES;
			};
			name = Release;
		};
		D3507AE02A8BECC500DE95D1 /* Debug */ = {
			isa = XCBuildConfiguration;
			baseConfigurationReference = FD821EE666081078D970DE36 /* Pods-Kaber.debug.xcconfig */;
			buildSettings = {
				ASSETCATALOG_COMPILER_APPICON_NAME = AppIcon;
				ASSETCATALOG_COMPILER_GLOBAL_ACCENT_COLOR_NAME = AccentColor;
				CODE_SIGN_STYLE = Automatic;
				CURRENT_PROJECT_VERSION = 1;
				DEVELOPMENT_TEAM = X4YZSY77G5;
				GENERATE_INFOPLIST_FILE = YES;
				INFOPLIST_FILE = Kaber/Assists/Info.plist;
				INFOPLIST_KEY_UIApplicationSupportsIndirectInputEvents = YES;
				INFOPLIST_KEY_UILaunchStoryboardName = LaunchScreen;
				INFOPLIST_KEY_UISupportedInterfaceOrientations = UIInterfaceOrientationPortrait;
				INFOPLIST_KEY_UISupportedInterfaceOrientations_iPad = "UIInterfaceOrientationLandscapeLeft UIInterfaceOrientationLandscapeRight UIInterfaceOrientationPortrait UIInterfaceOrientationPortraitUpsideDown";
				IPHONEOS_DEPLOYMENT_TARGET = 13.0;
				LD_RUNPATH_SEARCH_PATHS = (
					"$(inherited)",
					"@executable_path/Frameworks",
				);
				MARKETING_VERSION = 1.0;
				PRODUCT_BUNDLE_IDENTIFIER = com.myorginization199.Kaber;
				PRODUCT_NAME = "$(TARGET_NAME)";
				SUPPORTED_PLATFORMS = "iphoneos iphonesimulator";
				SUPPORTS_MACCATALYST = NO;
				SUPPORTS_MAC_DESIGNED_FOR_IPHONE_IPAD = NO;
				SWIFT_EMIT_LOC_STRINGS = YES;
				SWIFT_VERSION = 5.0;
				TARGETED_DEVICE_FAMILY = 1;
			};
			name = Debug;
		};
		D3507AE12A8BECC500DE95D1 /* Release */ = {
			isa = XCBuildConfiguration;
			baseConfigurationReference = 8C4C53C6585D49F4214356B3 /* Pods-Kaber.release.xcconfig */;
			buildSettings = {
				ASSETCATALOG_COMPILER_APPICON_NAME = AppIcon;
				ASSETCATALOG_COMPILER_GLOBAL_ACCENT_COLOR_NAME = AccentColor;
				CODE_SIGN_STYLE = Automatic;
				CURRENT_PROJECT_VERSION = 1;
				DEVELOPMENT_TEAM = X4YZSY77G5;
				GENERATE_INFOPLIST_FILE = YES;
				INFOPLIST_FILE = Kaber/Assists/Info.plist;
				INFOPLIST_KEY_UIApplicationSupportsIndirectInputEvents = YES;
				INFOPLIST_KEY_UILaunchStoryboardName = LaunchScreen;
				INFOPLIST_KEY_UISupportedInterfaceOrientations = UIInterfaceOrientationPortrait;
				INFOPLIST_KEY_UISupportedInterfaceOrientations_iPad = "UIInterfaceOrientationLandscapeLeft UIInterfaceOrientationLandscapeRight UIInterfaceOrientationPortrait UIInterfaceOrientationPortraitUpsideDown";
				IPHONEOS_DEPLOYMENT_TARGET = 13.0;
				LD_RUNPATH_SEARCH_PATHS = (
					"$(inherited)",
					"@executable_path/Frameworks",
				);
				MARKETING_VERSION = 1.0;
				PRODUCT_BUNDLE_IDENTIFIER = com.myorginization199.Kaber;
				PRODUCT_NAME = "$(TARGET_NAME)";
				SUPPORTED_PLATFORMS = "iphoneos iphonesimulator";
				SUPPORTS_MACCATALYST = NO;
				SUPPORTS_MAC_DESIGNED_FOR_IPHONE_IPAD = NO;
				SWIFT_EMIT_LOC_STRINGS = YES;
				SWIFT_VERSION = 5.0;
				TARGETED_DEVICE_FAMILY = 1;
			};
			name = Release;
		};
/* End XCBuildConfiguration section */

/* Begin XCConfigurationList section */
		D3507AC62A8BECC300DE95D1 /* Build configuration list for PBXProject "Kaber" */ = {
			isa = XCConfigurationList;
			buildConfigurations = (
				D3507ADD2A8BECC500DE95D1 /* Debug */,
				D3507ADE2A8BECC500DE95D1 /* Release */,
			);
			defaultConfigurationIsVisible = 0;
			defaultConfigurationName = Release;
		};
		D3507ADF2A8BECC500DE95D1 /* Build configuration list for PBXNativeTarget "Kaber" */ = {
			isa = XCConfigurationList;
			buildConfigurations = (
				D3507AE02A8BECC500DE95D1 /* Debug */,
				D3507AE12A8BECC500DE95D1 /* Release */,
			);
			defaultConfigurationIsVisible = 0;
			defaultConfigurationName = Release;
		};
/* End XCConfigurationList section */
	};
	rootObject = D3507AC32A8BECC300DE95D1 /* Project object */;
}
